// !$*UTF8*$!
{
	archiveVersion = 1;
	classes = {
	};
	objectVersion = 55;
	objects = {

/* Begin PBXBuildFile section */
		C3DC865727839FCF007C2ACF /* UsersInfo.swift in Sources */ = {isa = PBXBuildFile; fileRef = C3DC865627839FCF007C2ACF /* UsersInfo.swift */; };
		C3DC865F27849823007C2ACF /* MessageKit in Frameworks */ = {isa = PBXBuildFile; productRef = C3DC865E27849823007C2ACF /* MessageKit */; };
		C3DC8662278498D3007C2ACF /* JGProgressHUD in Frameworks */ = {isa = PBXBuildFile; productRef = C3DC8661278498D3007C2ACF /* JGProgressHUD */; };
		C3EC350B2784C1B6006C5805 /* ChatViewController.swift in Sources */ = {isa = PBXBuildFile; fileRef = C3EC350A2784C1B6006C5805 /* ChatViewController.swift */; };
		C3EC350D2784E6AE006C5805 /* StorageManager.swift in Sources */ = {isa = PBXBuildFile; fileRef = C3EC350C2784E6AE006C5805 /* StorageManager.swift */; };
		C3EC350F27862D1E006C5805 /* ConversationTableViewCell.swift in Sources */ = {isa = PBXBuildFile; fileRef = C3EC350E27862D1E006C5805 /* ConversationTableViewCell.swift */; };
		C3EC351227863F91006C5805 /* SDWebImage in Frameworks */ = {isa = PBXBuildFile; productRef = C3EC351127863F91006C5805 /* SDWebImage */; };
		C3F6BEFB27832F08009ADC3E /* AppDelegate.swift in Sources */ = {isa = PBXBuildFile; fileRef = C3F6BEFA27832F08009ADC3E /* AppDelegate.swift */; };
		C3F6BEFD27832F08009ADC3E /* SceneDelegate.swift in Sources */ = {isa = PBXBuildFile; fileRef = C3F6BEFC27832F08009ADC3E /* SceneDelegate.swift */; };
		C3F6BEFF27832F08009ADC3E /* LoginViewController.swift in Sources */ = {isa = PBXBuildFile; fileRef = C3F6BEFE27832F08009ADC3E /* LoginViewController.swift */; };
		C3F6BF0227832F08009ADC3E /* Main.storyboard in Resources */ = {isa = PBXBuildFile; fileRef = C3F6BF0027832F08009ADC3E /* Main.storyboard */; };
		C3F6BF0427832F0B009ADC3E /* Assets.xcassets in Resources */ = {isa = PBXBuildFile; fileRef = C3F6BF0327832F0B009ADC3E /* Assets.xcassets */; };
		C3F6BF0727832F0B009ADC3E /* LaunchScreen.storyboard in Resources */ = {isa = PBXBuildFile; fileRef = C3F6BF0527832F0B009ADC3E /* LaunchScreen.storyboard */; };
		C3F6BF0F27832F22009ADC3E /* RegisterViewController.swift in Sources */ = {isa = PBXBuildFile; fileRef = C3F6BF0E27832F22009ADC3E /* RegisterViewController.swift */; };
		C3F6BF1327832F73009ADC3E /* ProfileViewController.swift in Sources */ = {isa = PBXBuildFile; fileRef = C3F6BF1227832F73009ADC3E /* ProfileViewController.swift */; };
		C3F6BF152783308C009ADC3E /* GoogleService-Info.plist in Resources */ = {isa = PBXBuildFile; fileRef = C3F6BF142783308C009ADC3E /* GoogleService-Info.plist */; };
		C3F6BF18278330F9009ADC3E /* FirebaseAnalytics in Frameworks */ = {isa = PBXBuildFile; productRef = C3F6BF17278330F9009ADC3E /* FirebaseAnalytics */; };
		C3F6BF1A278330F9009ADC3E /* FirebaseAuth in Frameworks */ = {isa = PBXBuildFile; productRef = C3F6BF19278330F9009ADC3E /* FirebaseAuth */; };
		C3F6BF1C278330F9009ADC3E /* FirebaseDatabase in Frameworks */ = {isa = PBXBuildFile; productRef = C3F6BF1B278330F9009ADC3E /* FirebaseDatabase */; };
		C3F6BF1E278330F9009ADC3E /* FirebaseStorage in Frameworks */ = {isa = PBXBuildFile; productRef = C3F6BF1D278330F9009ADC3E /* FirebaseStorage */; };
		C3F6BF232783364D009ADC3E /* ConversationViewController.swift in Sources */ = {isa = PBXBuildFile; fileRef = C3F6BF222783364D009ADC3E /* ConversationViewController.swift */; };
		C3F6BF2527833675009ADC3E /* NewConversationViewController.swift in Sources */ = {isa = PBXBuildFile; fileRef = C3F6BF2427833675009ADC3E /* NewConversationViewController.swift */; };
/* End PBXBuildFile section */

/* Begin PBXFileReference section */
		C3DC865627839FCF007C2ACF /* UsersInfo.swift */ = {isa = PBXFileReference; lastKnownFileType = sourcecode.swift; path = UsersInfo.swift; sourceTree = "<group>"; };
		C3EC350A2784C1B6006C5805 /* ChatViewController.swift */ = {isa = PBXFileReference; lastKnownFileType = sourcecode.swift; path = ChatViewController.swift; sourceTree = "<group>"; };
		C3EC350C2784E6AE006C5805 /* StorageManager.swift */ = {isa = PBXFileReference; lastKnownFileType = sourcecode.swift; path = StorageManager.swift; sourceTree = "<group>"; };
		C3EC350E27862D1E006C5805 /* ConversationTableViewCell.swift */ = {isa = PBXFileReference; lastKnownFileType = sourcecode.swift; path = ConversationTableViewCell.swift; sourceTree = "<group>"; };
		C3F6BEF727832F08009ADC3E /* MessengerApp.app */ = {isa = PBXFileReference; explicitFileType = wrapper.application; includeInIndex = 0; path = MessengerApp.app; sourceTree = BUILT_PRODUCTS_DIR; };
		C3F6BEFA27832F08009ADC3E /* AppDelegate.swift */ = {isa = PBXFileReference; lastKnownFileType = sourcecode.swift; path = AppDelegate.swift; sourceTree = "<group>"; };
		C3F6BEFC27832F08009ADC3E /* SceneDelegate.swift */ = {isa = PBXFileReference; lastKnownFileType = sourcecode.swift; path = SceneDelegate.swift; sourceTree = "<group>"; };
		C3F6BEFE27832F08009ADC3E /* LoginViewController.swift */ = {isa = PBXFileReference; lastKnownFileType = sourcecode.swift; path = LoginViewController.swift; sourceTree = "<group>"; };
		C3F6BF0127832F08009ADC3E /* Base */ = {isa = PBXFileReference; lastKnownFileType = file.storyboard; name = Base; path = Base.lproj/Main.storyboard; sourceTree = "<group>"; };
		C3F6BF0327832F0B009ADC3E /* Assets.xcassets */ = {isa = PBXFileReference; lastKnownFileType = folder.assetcatalog; path = Assets.xcassets; sourceTree = "<group>"; };
		C3F6BF0627832F0B009ADC3E /* Base */ = {isa = PBXFileReference; lastKnownFileType = file.storyboard; name = Base; path = Base.lproj/LaunchScreen.storyboard; sourceTree = "<group>"; };
		C3F6BF0827832F0B009ADC3E /* Info.plist */ = {isa = PBXFileReference; lastKnownFileType = text.plist.xml; path = Info.plist; sourceTree = "<group>"; };
		C3F6BF0E27832F22009ADC3E /* RegisterViewController.swift */ = {isa = PBXFileReference; lastKnownFileType = sourcecode.swift; path = RegisterViewController.swift; sourceTree = "<group>"; };
		C3F6BF1227832F73009ADC3E /* ProfileViewController.swift */ = {isa = PBXFileReference; lastKnownFileType = sourcecode.swift; path = ProfileViewController.swift; sourceTree = "<group>"; };
		C3F6BF142783308C009ADC3E /* GoogleService-Info.plist */ = {isa = PBXFileReference; fileEncoding = 4; lastKnownFileType = text.plist.xml; path = "GoogleService-Info.plist"; sourceTree = "<group>"; };
		C3F6BF222783364D009ADC3E /* ConversationViewController.swift */ = {isa = PBXFileReference; lastKnownFileType = sourcecode.swift; path = ConversationViewController.swift; sourceTree = "<group>"; };
		C3F6BF2427833675009ADC3E /* NewConversationViewController.swift */ = {isa = PBXFileReference; lastKnownFileType = sourcecode.swift; path = NewConversationViewController.swift; sourceTree = "<group>"; };
/* End PBXFileReference section */

/* Begin PBXFrameworksBuildPhase section */
		C3F6BEF427832F08009ADC3E /* Frameworks */ = {
			isa = PBXFrameworksBuildPhase;
			buildActionMask = 2147483647;
			files = (
				C3DC8662278498D3007C2ACF /* JGProgressHUD in Frameworks */,
				C3EC351227863F91006C5805 /* SDWebImage in Frameworks */,
				C3F6BF1C278330F9009ADC3E /* FirebaseDatabase in Frameworks */,
				C3F6BF1E278330F9009ADC3E /* FirebaseStorage in Frameworks */,
				C3DC865F27849823007C2ACF /* MessageKit in Frameworks */,
				C3F6BF18278330F9009ADC3E /* FirebaseAnalytics in Frameworks */,
				C3F6BF1A278330F9009ADC3E /* FirebaseAuth in Frameworks */,
			);
			runOnlyForDeploymentPostprocessing = 0;
		};
/* End PBXFrameworksBuildPhase section */

/* Begin PBXGroup section */
		C3F6BEEE27832F08009ADC3E = {
			isa = PBXGroup;
			children = (
				C3F6BEF927832F08009ADC3E /* MessengerApp */,
				C3F6BEF827832F08009ADC3E /* Products */,
			);
			sourceTree = "<group>";
		};
		C3F6BEF827832F08009ADC3E /* Products */ = {
			isa = PBXGroup;
			children = (
				C3F6BEF727832F08009ADC3E /* MessengerApp.app */,
			);
			name = Products;
			sourceTree = "<group>";
		};
		C3F6BEF927832F08009ADC3E /* MessengerApp */ = {
			isa = PBXGroup;
			children = (
				C3F6BF2027833254009ADC3E /* Views */,
				C3F6BF1F27833224009ADC3E /* Resources */,
				C3F6BF1027832F2A009ADC3E /* Controllers */,
				C3F6BF0327832F0B009ADC3E /* Assets.xcassets */,
				C3F6BF0827832F0B009ADC3E /* Info.plist */,
				C3F6BF142783308C009ADC3E /* GoogleService-Info.plist */,
			);
			path = MessengerApp;
			sourceTree = "<group>";
		};
		C3F6BF1027832F2A009ADC3E /* Controllers */ = {
			isa = PBXGroup;
			children = (
				C3F6BF1127832F4D009ADC3E /* LoginandRegister */,
				C3F6BF1227832F73009ADC3E /* ProfileViewController.swift */,
				C3F6BF222783364D009ADC3E /* ConversationViewController.swift */,
				C3F6BF2427833675009ADC3E /* NewConversationViewController.swift */,
				C3EC350A2784C1B6006C5805 /* ChatViewController.swift */,
			);
			path = Controllers;
			sourceTree = "<group>";
		};
		C3F6BF1127832F4D009ADC3E /* LoginandRegister */ = {
			isa = PBXGroup;
			children = (
				C3F6BEFE27832F08009ADC3E /* LoginViewController.swift */,
				C3F6BF0E27832F22009ADC3E /* RegisterViewController.swift */,
			);
			path = LoginandRegister;
			sourceTree = "<group>";
		};
		C3F6BF1F27833224009ADC3E /* Resources */ = {
			isa = PBXGroup;
			children = (
				C3F6BEFA27832F08009ADC3E /* AppDelegate.swift */,
				C3F6BEFC27832F08009ADC3E /* SceneDelegate.swift */,
				C3DC865627839FCF007C2ACF /* UsersInfo.swift */,
				C3EC350C2784E6AE006C5805 /* StorageManager.swift */,
			);
			path = Resources;
			sourceTree = "<group>";
		};
		C3F6BF2027833254009ADC3E /* Views */ = {
			isa = PBXGroup;
			children = (
				C3F6BF0027832F08009ADC3E /* Main.storyboard */,
				C3F6BF0527832F0B009ADC3E /* LaunchScreen.storyboard */,
				C3EC350E27862D1E006C5805 /* ConversationTableViewCell.swift */,
			);
			path = Views;
			sourceTree = "<group>";
		};
/* End PBXGroup section */

/* Begin PBXNativeTarget section */
		C3F6BEF627832F08009ADC3E /* MessengerApp */ = {
			isa = PBXNativeTarget;
			buildConfigurationList = C3F6BF0B27832F0B009ADC3E /* Build configuration list for PBXNativeTarget "MessengerApp" */;
			buildPhases = (
				C3F6BEF327832F08009ADC3E /* Sources */,
				C3F6BEF427832F08009ADC3E /* Frameworks */,
				C3F6BEF527832F08009ADC3E /* Resources */,
				C3EC3533278AFAAE006C5805 /* ShellScript */,
			);
			buildRules = (
			);
			dependencies = (
			);
			name = MessengerApp;
			packageProductDependencies = (
				C3F6BF17278330F9009ADC3E /* FirebaseAnalytics */,
				C3F6BF19278330F9009ADC3E /* FirebaseAuth */,
				C3F6BF1B278330F9009ADC3E /* FirebaseDatabase */,
				C3F6BF1D278330F9009ADC3E /* FirebaseStorage */,
				C3DC865E27849823007C2ACF /* MessageKit */,
				C3DC8661278498D3007C2ACF /* JGProgressHUD */,
				C3EC351127863F91006C5805 /* SDWebImage */,
			);
			productName = MessengerApp;
			productReference = C3F6BEF727832F08009ADC3E /* MessengerApp.app */;
			productType = "com.apple.product-type.application";
		};
/* End PBXNativeTarget section */

/* Begin PBXProject section */
		C3F6BEEF27832F08009ADC3E /* Project object */ = {
			isa = PBXProject;
			attributes = {
				BuildIndependentTargetsInParallel = 1;
				LastSwiftUpdateCheck = 1300;
				LastUpgradeCheck = 1300;
				TargetAttributes = {
					C3F6BEF627832F08009ADC3E = {
						CreatedOnToolsVersion = 13.0;
					};
				};
			};
			buildConfigurationList = C3F6BEF227832F08009ADC3E /* Build configuration list for PBXProject "MessengerApp" */;
			compatibilityVersion = "Xcode 13.0";
			developmentRegion = en;
			hasScannedForEncodings = 0;
			knownRegions = (
				en,
				Base,
			);
			mainGroup = C3F6BEEE27832F08009ADC3E;
			packageReferences = (
				C3F6BF16278330F9009ADC3E /* XCRemoteSwiftPackageReference "firebase-ios-sdk" */,
				C3DC865D27849822007C2ACF /* XCRemoteSwiftPackageReference "MessageKit" */,
				C3DC8660278498D2007C2ACF /* XCRemoteSwiftPackageReference "JGProgressHUD" */,
				C3EC351027863F90006C5805 /* XCRemoteSwiftPackageReference "SDWebImage" */,
			);
			productRefGroup = C3F6BEF827832F08009ADC3E /* Products */;
			projectDirPath = "";
			projectRoot = "";
			targets = (
				C3F6BEF627832F08009ADC3E /* MessengerApp */,
			);
		};
/* End PBXProject section */

/* Begin PBXResourcesBuildPhase section */
		C3F6BEF527832F08009ADC3E /* Resources */ = {
			isa = PBXResourcesBuildPhase;
			buildActionMask = 2147483647;
			files = (
				C3F6BF0727832F0B009ADC3E /* LaunchScreen.storyboard in Resources */,
				C3F6BF0427832F0B009ADC3E /* Assets.xcassets in Resources */,
				C3F6BF152783308C009ADC3E /* GoogleService-Info.plist in Resources */,
				C3F6BF0227832F08009ADC3E /* Main.storyboard in Resources */,
			);
			runOnlyForDeploymentPostprocessing = 0;
		};
/* End PBXResourcesBuildPhase section */

/* Begin PBXShellScriptBuildPhase section */
		C3EC3533278AFAAE006C5805 /* ShellScript */ = {
			isa = PBXShellScriptBuildPhase;
			buildActionMask = 2147483647;
			files = (
			);
			inputFileListPaths = (
			);
			inputPaths = (
				"${DWARF_DSYM_FOLDER_PATH}/${DWARF_DSYM_FILE_NAME}/Contents/Resources/DWARF/${TARGET_NAME}",
				"$(SRCROOT)/$(BUILT_PRODUCTS_DIR)/$(INFOPLIST_PATH)",
			);
			outputFileListPaths = (
			);
			outputPaths = (
			);
			runOnlyForDeploymentPostprocessing = 0;
			shellPath = /bin/sh;
			shellScript = "\"${BUILD_DIR%/Build/*}/SourcePackages/checkouts/firebase-ios-sdk/Crashlytics/run\"\n";
		};
/* End PBXShellScriptBuildPhase section */

/* Begin PBXSourcesBuildPhase section */
		C3F6BEF327832F08009ADC3E /* Sources */ = {
			isa = PBXSourcesBuildPhase;
			buildActionMask = 2147483647;
			files = (
				C3EC350F27862D1E006C5805 /* ConversationTableViewCell.swift in Sources */,
				C3F6BEFF27832F08009ADC3E /* LoginViewController.swift in Sources */,
				C3F6BF2527833675009ADC3E /* NewConversationViewController.swift in Sources */,
				C3EC350B2784C1B6006C5805 /* ChatViewController.swift in Sources */,
				C3EC350D2784E6AE006C5805 /* StorageManager.swift in Sources */,
				C3DC865727839FCF007C2ACF /* UsersInfo.swift in Sources */,
				C3F6BEFB27832F08009ADC3E /* AppDelegate.swift in Sources */,
				C3F6BF232783364D009ADC3E /* ConversationViewController.swift in Sources */,
				C3F6BF1327832F73009ADC3E /* ProfileViewController.swift in Sources */,
				C3F6BEFD27832F08009ADC3E /* SceneDelegate.swift in Sources */,
				C3F6BF0F27832F22009ADC3E /* RegisterViewController.swift in Sources */,
			);
			runOnlyForDeploymentPostprocessing = 0;
		};
/* End PBXSourcesBuildPhase section */

/* Begin PBXVariantGroup section */
		C3F6BF0027832F08009ADC3E /* Main.storyboard */ = {
			isa = PBXVariantGroup;
			children = (
				C3F6BF0127832F08009ADC3E /* Base */,
			);
			name = Main.storyboard;
			sourceTree = "<group>";
		};
		C3F6BF0527832F0B009ADC3E /* LaunchScreen.storyboard */ = {
			isa = PBXVariantGroup;
			children = (
				C3F6BF0627832F0B009ADC3E /* Base */,
			);
			name = LaunchScreen.storyboard;
			sourceTree = "<group>";
		};
/* End PBXVariantGroup section */

/* Begin XCBuildConfiguration section */
		C3F6BF0927832F0B009ADC3E /* Debug */ = {
			isa = XCBuildConfiguration;
			buildSettings = {
				ALWAYS_SEARCH_USER_PATHS = NO;
				CLANG_ANALYZER_NONNULL = YES;
				CLANG_ANALYZER_NUMBER_OBJECT_CONVERSION = YES_AGGRESSIVE;
				CLANG_CXX_LANGUAGE_STANDARD = "gnu++17";
				CLANG_CXX_LIBRARY = "libc++";
				CLANG_ENABLE_MODULES = YES;
				CLANG_ENABLE_OBJC_ARC = YES;
				CLANG_ENABLE_OBJC_WEAK = YES;
				CLANG_WARN_BLOCK_CAPTURE_AUTORELEASING = YES;
				CLANG_WARN_BOOL_CONVERSION = YES;
				CLANG_WARN_COMMA = YES;
				CLANG_WARN_CONSTANT_CONVERSION = YES;
				CLANG_WARN_DEPRECATED_OBJC_IMPLEMENTATIONS = YES;
				CLANG_WARN_DIRECT_OBJC_ISA_USAGE = YES_ERROR;
				CLANG_WARN_DOCUMENTATION_COMMENTS = YES;
				CLANG_WARN_EMPTY_BODY = YES;
				CLANG_WARN_ENUM_CONVERSION = YES;
				CLANG_WARN_INFINITE_RECURSION = YES;
				CLANG_WARN_INT_CONVERSION = YES;
				CLANG_WARN_NON_LITERAL_NULL_CONVERSION = YES;
				CLANG_WARN_OBJC_IMPLICIT_RETAIN_SELF = YES;
				CLANG_WARN_OBJC_LITERAL_CONVERSION = YES;
				CLANG_WARN_OBJC_ROOT_CLASS = YES_ERROR;
				CLANG_WARN_QUOTED_INCLUDE_IN_FRAMEWORK_HEADER = YES;
				CLANG_WARN_RANGE_LOOP_ANALYSIS = YES;
				CLANG_WARN_STRICT_PROTOTYPES = YES;
				CLANG_WARN_SUSPICIOUS_MOVE = YES;
				CLANG_WARN_UNGUARDED_AVAILABILITY = YES_AGGRESSIVE;
				CLANG_WARN_UNREACHABLE_CODE = YES;
				CLANG_WARN__DUPLICATE_METHOD_MATCH = YES;
				COPY_PHASE_STRIP = NO;
				DEBUG_INFORMATION_FORMAT = "dwarf-with-dsym";
				ENABLE_STRICT_OBJC_MSGSEND = YES;
				ENABLE_TESTABILITY = YES;
				GCC_C_LANGUAGE_STANDARD = gnu11;
				GCC_DYNAMIC_NO_PIC = NO;
				GCC_NO_COMMON_BLOCKS = YES;
				GCC_OPTIMIZATION_LEVEL = 0;
				GCC_PREPROCESSOR_DEFINITIONS = (
					"DEBUG=1",
					"$(inherited)",
				);
				GCC_WARN_64_TO_32_BIT_CONVERSION = YES;
				GCC_WARN_ABOUT_RETURN_TYPE = YES_ERROR;
				GCC_WARN_UNDECLARED_SELECTOR = YES;
				GCC_WARN_UNINITIALIZED_AUTOS = YES_AGGRESSIVE;
				GCC_WARN_UNUSED_FUNCTION = YES;
				GCC_WARN_UNUSED_VARIABLE = YES;
				IPHONEOS_DEPLOYMENT_TARGET = 15.0;
				MTL_ENABLE_DEBUG_INFO = INCLUDE_SOURCE;
				MTL_FAST_MATH = YES;
				ONLY_ACTIVE_ARCH = YES;
				SDKROOT = iphoneos;
				SWIFT_ACTIVE_COMPILATION_CONDITIONS = DEBUG;
				SWIFT_OPTIMIZATION_LEVEL = "-Onone";
			};
			name = Debug;
		};
		C3F6BF0A27832F0B009ADC3E /* Release */ = {
			isa = XCBuildConfiguration;
			buildSettings = {
				ALWAYS_SEARCH_USER_PATHS = NO;
				CLANG_ANALYZER_NONNULL = YES;
				CLANG_ANALYZER_NUMBER_OBJECT_CONVERSION = YES_AGGRESSIVE;
				CLANG_CXX_LANGUAGE_STANDARD = "gnu++17";
				CLANG_CXX_LIBRARY = "libc++";
				CLANG_ENABLE_MODULES = YES;
				CLANG_ENABLE_OBJC_ARC = YES;
				CLANG_ENABLE_OBJC_WEAK = YES;
				CLANG_WARN_BLOCK_CAPTURE_AUTORELEASING = YES;
				CLANG_WARN_BOOL_CONVERSION = YES;
				CLANG_WARN_COMMA = YES;
				CLANG_WARN_CONSTANT_CONVERSION = YES;
				CLANG_WARN_DEPRECATED_OBJC_IMPLEMENTATIONS = YES;
				CLANG_WARN_DIRECT_OBJC_ISA_USAGE = YES_ERROR;
				CLANG_WARN_DOCUMENTATION_COMMENTS = YES;
				CLANG_WARN_EMPTY_BODY = YES;
				CLANG_WARN_ENUM_CONVERSION = YES;
				CLANG_WARN_INFINITE_RECURSION = YES;
				CLANG_WARN_INT_CONVERSION = YES;
				CLANG_WARN_NON_LITERAL_NULL_CONVERSION = YES;
				CLANG_WARN_OBJC_IMPLICIT_RETAIN_SELF = YES;
				CLANG_WARN_OBJC_LITERAL_CONVERSION = YES;
				CLANG_WARN_OBJC_ROOT_CLASS = YES_ERROR;
				CLANG_WARN_QUOTED_INCLUDE_IN_FRAMEWORK_HEADER = YES;
				CLANG_WARN_RANGE_LOOP_ANALYSIS = YES;
				CLANG_WARN_STRICT_PROTOTYPES = YES;
				CLANG_WARN_SUSPICIOUS_MOVE = YES;
				CLANG_WARN_UNGUARDED_AVAILABILITY = YES_AGGRESSIVE;
				CLANG_WARN_UNREACHABLE_CODE = YES;
				CLANG_WARN__DUPLICATE_METHOD_MATCH = YES;
				COPY_PHASE_STRIP = NO;
				DEBUG_INFORMATION_FORMAT = "dwarf-with-dsym";
				ENABLE_NS_ASSERTIONS = NO;
				ENABLE_STRICT_OBJC_MSGSEND = YES;
				GCC_C_LANGUAGE_STANDARD = gnu11;
				GCC_NO_COMMON_BLOCKS = YES;
				GCC_WARN_64_TO_32_BIT_CONVERSION = YES;
				GCC_WARN_ABOUT_RETURN_TYPE = YES_ERROR;
				GCC_WARN_UNDECLARED_SELECTOR = YES;
				GCC_WARN_UNINITIALIZED_AUTOS = YES_AGGRESSIVE;
				GCC_WARN_UNUSED_FUNCTION = YES;
				GCC_WARN_UNUSED_VARIABLE = YES;
				IPHONEOS_DEPLOYMENT_TARGET = 15.0;
				MTL_ENABLE_DEBUG_INFO = NO;
				MTL_FAST_MATH = YES;
				SDKROOT = iphoneos;
				SWIFT_COMPILATION_MODE = wholemodule;
				SWIFT_OPTIMIZATION_LEVEL = "-O";
				VALIDATE_PRODUCT = YES;
			};
			name = Release;
		};
		C3F6BF0C27832F0B009ADC3E /* Debug */ = {
			isa = XCBuildConfiguration;
			buildSettings = {
				ASSETCATALOG_COMPILER_APPICON_NAME = AppIcon;
				ASSETCATALOG_COMPILER_GLOBAL_ACCENT_COLOR_NAME = AccentColor;
				CODE_SIGN_STYLE = Automatic;
				CURRENT_PROJECT_VERSION = 1;
				GENERATE_INFOPLIST_FILE = YES;
				INFOPLIST_FILE = MessengerApp/Info.plist;
				INFOPLIST_KEY_UIApplicationSupportsIndirectInputEvents = YES;
				INFOPLIST_KEY_UILaunchStoryboardName = LaunchScreen;
				INFOPLIST_KEY_UIMainStoryboardFile = Main;
				INFOPLIST_KEY_UISupportedInterfaceOrientations_iPad = "UIInterfaceOrientationPortrait UIInterfaceOrientationPortraitUpsideDown UIInterfaceOrientationLandscapeLeft UIInterfaceOrientationLandscapeRight";
				INFOPLIST_KEY_UISupportedInterfaceOrientations_iPhone = "UIInterfaceOrientationPortrait UIInterfaceOrientationLandscapeLeft UIInterfaceOrientationLandscapeRight";
				LD_RUNPATH_SEARCH_PATHS = (
					"$(inherited)",
					"@executable_path/Frameworks",
				);
				MARKETING_VERSION = 1.0;
				PRODUCT_BUNDLE_IDENTIFIER = com.example.MessengerApp;
				PRODUCT_NAME = "$(TARGET_NAME)";
				SWIFT_EMIT_LOC_STRINGS = YES;
				SWIFT_VERSION = 5.0;
				TARGETED_DEVICE_FAMILY = "1,2";
			};
			name = Debug;
		};
		C3F6BF0D27832F0B009ADC3E /* Release */ = {
			isa = XCBuildConfiguration;
			buildSettings = {
				ASSETCATALOG_COMPILER_APPICON_NAME = AppIcon;
				ASSETCATALOG_COMPILER_GLOBAL_ACCENT_COLOR_NAME = AccentColor;
				CODE_SIGN_STYLE = Automatic;
				CURRENT_PROJECT_VERSION = 1;
				GENERATE_INFOPLIST_FILE = YES;
				INFOPLIST_FILE = MessengerApp/Info.plist;
				INFOPLIST_KEY_UIApplicationSupportsIndirectInputEvents = YES;
				INFOPLIST_KEY_UILaunchStoryboardName = LaunchScreen;
				INFOPLIST_KEY_UIMainStoryboardFile = Main;
				INFOPLIST_KEY_UISupportedInterfaceOrientations_iPad = "UIInterfaceOrientationPortrait UIInterfaceOrientationPortraitUpsideDown UIInterfaceOrientationLandscapeLeft UIInterfaceOrientationLandscapeRight";
				INFOPLIST_KEY_UISupportedInterfaceOrientations_iPhone = "UIInterfaceOrientationPortrait UIInterfaceOrientationLandscapeLeft UIInterfaceOrientationLandscapeRight";
				LD_RUNPATH_SEARCH_PATHS = (
					"$(inherited)",
					"@executable_path/Frameworks",
				);
				MARKETING_VERSION = 1.0;
				PRODUCT_BUNDLE_IDENTIFIER = com.example.MessengerApp;
				PRODUCT_NAME = "$(TARGET_NAME)";
				SWIFT_EMIT_LOC_STRINGS = YES;
				SWIFT_VERSION = 5.0;
				TARGETED_DEVICE_FAMILY = "1,2";
			};
			name = Release;
		};
/* End XCBuildConfiguration section */

/* Begin XCConfigurationList section */
		C3F6BEF227832F08009ADC3E /* Build configuration list for PBXProject "MessengerApp" */ = {
			isa = XCConfigurationList;
			buildConfigurations = (
				C3F6BF0927832F0B009ADC3E /* Debug */,
				C3F6BF0A27832F0B009ADC3E /* Release */,
			);
			defaultConfigurationIsVisible = 0;
			defaultConfigurationName = Release;
		};
		C3F6BF0B27832F0B009ADC3E /* Build configuration list for PBXNativeTarget "MessengerApp" */ = {
			isa = XCConfigurationList;
			buildConfigurations = (
				C3F6BF0C27832F0B009ADC3E /* Debug */,
				C3F6BF0D27832F0B009ADC3E /* Release */,
			);
			defaultConfigurationIsVisible = 0;
			defaultConfigurationName = Release;
		};
/* End XCConfigurationList section */

/* Begin XCRemoteSwiftPackageReference section */
		C3DC865D27849822007C2ACF /* XCRemoteSwiftPackageReference "MessageKit" */ = {
			isa = XCRemoteSwiftPackageReference;
			repositoryURL = "https://github.com/MessageKit/MessageKit";
			requirement = {
				kind = upToNextMajorVersion;
				minimumVersion = 3.0.0;
			};
		};
		C3DC8660278498D2007C2ACF /* XCRemoteSwiftPackageReference "JGProgressHUD" */ = {
			isa = XCRemoteSwiftPackageReference;
			repositoryURL = "https://github.com/JonasGessner/JGProgressHUD.git";
			requirement = {
				kind = upToNextMajorVersion;
				minimumVersion = 2.0.0;
			};
		};
		C3EC351027863F90006C5805 /* XCRemoteSwiftPackageReference "SDWebImage" */ = {
			isa = XCRemoteSwiftPackageReference;
			repositoryURL = "https://github.com/SDWebImage/SDWebImage";
			requirement = {
				kind = upToNextMajorVersion;
				minimumVersion = 5.0.0;
			};
		};
		C3F6BF16278330F9009ADC3E /* XCRemoteSwiftPackageReference "firebase-ios-sdk" */ = {
			isa = XCRemoteSwiftPackageReference;
			repositoryURL = "https://github.com/firebase/firebase-ios-sdk";
			requirement = {
				kind = upToNextMajorVersion;
				minimumVersion = 8.0.0;
			};
		};
/* End XCRemoteSwiftPackageReference section */

/* Begin XCSwiftPackageProductDependency section */
		C3DC865E27849823007C2ACF /* MessageKit */ = {
			isa = XCSwiftPackageProductDependency;
			package = C3DC865D27849822007C2ACF /* XCRemoteSwiftPackageReference "MessageKit" */;
			productName = MessageKit;
		};
		C3DC8661278498D3007C2ACF /* JGProgressHUD */ = {
			isa = XCSwiftPackageProductDependency;
			package = C3DC8660278498D2007C2ACF /* XCRemoteSwiftPackageReference "JGProgressHUD" */;
			productName = JGProgressHUD;
		};
		C3EC351127863F91006C5805 /* SDWebImage */ = {
			isa = XCSwiftPackageProductDependency;
			package = C3EC351027863F90006C5805 /* XCRemoteSwiftPackageReference "SDWebImage" */;
			productName = SDWebImage;
		};
		C3F6BF17278330F9009ADC3E /* FirebaseAnalytics */ = {
			isa = XCSwiftPackageProductDependency;
			package = C3F6BF16278330F9009ADC3E /* XCRemoteSwiftPackageReference "firebase-ios-sdk" */;
			productName = FirebaseAnalytics;
		};
		C3F6BF19278330F9009ADC3E /* FirebaseAuth */ = {
			isa = XCSwiftPackageProductDependency;
			package = C3F6BF16278330F9009ADC3E /* XCRemoteSwiftPackageReference "firebase-ios-sdk" */;
			productName = FirebaseAuth;
		};
		C3F6BF1B278330F9009ADC3E /* FirebaseDatabase */ = {
			isa = XCSwiftPackageProductDependency;
			package = C3F6BF16278330F9009ADC3E /* XCRemoteSwiftPackageReference "firebase-ios-sdk" */;
			productName = FirebaseDatabase;
		};
		C3F6BF1D278330F9009ADC3E /* FirebaseStorage */ = {
			isa = XCSwiftPackageProductDependency;
			package = C3F6BF16278330F9009ADC3E /* XCRemoteSwiftPackageReference "firebase-ios-sdk" */;
			productName = FirebaseStorage;
		};
/* End XCSwiftPackageProductDependency section */
	};
	rootObject = C3F6BEEF27832F08009ADC3E /* Project object */;
}
